
Microsoft Visual Studio Solution File, Format Version 12.00
# Visual Studio 15
VisualStudioVersion = 15.0.27130.0
MinimumVisualStudioVersion = 10.0.40219.1
Project("{888888A0-9F3D-457C-B088-3A5042F75D52}") = "Python2048", "Python2048\Python2048.pyproj", "{57F95311-E5AA-4CD8-B9AD-246624163107}"
EndProject
Global
	GlobalSection(SolutionConfigurationPlatforms) = preSolution
		Debug|Any CPU = Debug|Any CPU
		Release|Any CPU = Release|Any CPU
	EndGlobalSection
	GlobalSection(ProjectConfigurationPlatforms) = postSolution
		{57F95311-E5AA-4CD8-B9AD-246624163107}.Debug|Any CPU.ActiveCfg = Debug|Any CPU
		{57F95311-E5AA-4CD8-B9AD-246624163107}.Release|Any CPU.ActiveCfg = Release|Any CPU
	EndGlobalSection
	GlobalSection(SolutionProperties) = preSolution
		HideSolutionNode = FALSE
	EndGlobalSection
	GlobalSection(ExtensibilityGlobals) = postSolution
		SolutionGuid = {3AAC0EBB-A15D-4C70-AC61-F444E82BF8D0}
	EndGlobalSection
EndGlobal
